// !$*UTF8*$!
{
	archiveVersion = 1;
	classes = {
	};
	objectVersion = 77;
	objects = {

/* Begin PBXContainerItemProxy section */
		64C37B6F2F782070009C85F1 /* PBXContainerItemProxy */ = {
			isa = PBXContainerItemProxy;
			containerPortal = 64C37B592F78206E009C85F1 /* Project object */;
			proxyType = 1;
			remoteGlobalIDString = 64C37B602F78206E009C85F1;
			remoteInfo = HandbookReaderQuiz;
		};
		64C37B792F782070009C85F1 /* PBXContainerItemProxy */ = {
			isa = PBXContainerItemProxy;
			containerPortal = 64C37B592F78206E009C85F1 /* Project object */;
			proxyType = 1;
			remoteGlobalIDString = 64C37B602F78206E009C85F1;
			remoteInfo = HandbookReaderQuiz;
		};
/* End PBXContainerItemProxy section */

/* Begin PBXFileReference section */
		64C37B612F78206E009C85F1 /* BritReady: Life in UK Test.app */ = {isa = PBXFileReference; explicitFileType = wrapper.application; includeInIndex = 0; path = "BritReady: Life in UK Test.app"; sourceTree = BUILT_PRODUCTS_DIR; };
		64C37B6E2F782070009C85F1 /* QuizieTests.xctest */ = {isa = PBXFileReference; explicitFileType = wrapper.cfbundle; includeInIndex = 0; path = QuizieTests.xctest; sourceTree = BUILT_PRODUCTS_DIR; };
		64C37B782F782070009C85F1 /* QuizieUITests.xctest */ = {isa = PBXFileReference; explicitFileType = wrapper.cfbundle; includeInIndex = 0; path = QuizieUITests.xctest; sourceTree = BUILT_PRODUCTS_DIR; };
		64EE7F523026C67E00688077 /* Quizie.xctestplan */ = {isa = PBXFileReference; lastKnownFileType = text; path = Quizie.xctestplan; sourceTree = "<group>"; };
		64EE7F533026C67E00688078 /* Secrets.xcconfig */ = {isa = PBXFileReference; lastKnownFileType = text.xcconfig; path = Secrets.xcconfig; sourceTree = "<group>"; };
/* End PBXFileReference section */

/* Begin PBXFileSystemSynchronizedBuildFileExceptionSet section */
		64AAF103302D595200E6B86F /* Exceptions for "QuizieTests" folder in "QuizieTests" target */ = {
			isa = PBXFileSystemSynchronizedBuildFileExceptionSet;
			membershipExceptions = (
				Info.plist,
			);
			target = 64C37B6D2F782070009C85F1 /* QuizieTests */;
		};
		64C37BC82F782363009C85F1 /* Exceptions for "Quizie" folder in "Quizie" target */ = {
			isa = PBXFileSystemSynchronizedBuildFileExceptionSet;
			membershipExceptions = (
				Info.plist,
				PROJECT_STRUCTURE.md,
				Resources/Documentation/FLASHCARD_QUALITY.md,
				Resources/Documentation/Handbook/ANALYTICS_UI_PREVIEW.md,
				Resources/Documentation/Handbook/CONCEPT_TAXONOMY.md,
				Resources/Documentation/Handbook/PROGRESS_ANALYTICS_SUMMARY.md,
				Resources/Documentation/Handbook/QUICK_REFERENCE.md,
				Resources/Documentation/Handbook/Typography.md,
				Resources/Documentation/Quiz/QUIZ_LOBBY_INFO_CARDS_UPDATE.md,
				Resources/Documentation/Quiz/QUIZ_UPDATE_QUICK_SUMMARY.md,
				Resources/Documentation/Quiz/README.md,
				Resources/Documentation/Quiz/VISUAL_COMPARISON.md,
			);
			target = 64C37B602F78206E009C85F1 /* Quizie */;
		};
/* End PBXFileSystemSynchronizedBuildFileExceptionSet section */

/* Begin PBXFileSystemSynchronizedRootGroup section */
		64C37B632F78206E009C85F1 /* Quizie */ = {
			isa = PBXFileSystemSynchronizedRootGroup;
			exceptions = (
				64C37BC82F782363009C85F1 /* Exceptions for "Quizie" folder in "Quizie" target */,
			);
			path = Quizie;
			sourceTree = "<group>";
		};
		64C37B712F782070009C85F1 /* QuizieTests */ = {
			isa = PBXFileSystemSynchronizedRootGroup;
			exceptions = (
				64AAF103302D595200E6B86F /* Exceptions for "QuizieTests" folder in "QuizieTests" target */,
			);
			path = QuizieTests;
			sourceTree = "<group>";
		};
		64C37B7B2F782070009C85F1 /* QuizieUITests */ = {
			isa = PBXFileSystemSynchronizedRootGroup;
			path = QuizieUITests;
			sourceTree = "<group>";
		};
/* End PBXFileSystemSynchronizedRootGroup section */

/* Begin PBXFrameworksBuildPhase section */
		64C37B5E2F78206E009C85F1 /* Frameworks */ = {
			isa = PBXFrameworksBuildPhase;
			buildActionMask = 2147483647;
			files = (
			);
			runOnlyForDeploymentPostprocessing = 0;
		};
		64C37B6B2F782070009C85F1 /* Frameworks */ = {
			isa = PBXFrameworksBuildPhase;
			buildActionMask = 2147483647;
			files = (
			);
			runOnlyForDeploymentPostprocessing = 0;
		};
		64C37B752F782070009C85F1 /* Frameworks */ = {
			isa = PBXFrameworksBuildPhase;
			buildActionMask = 2147483647;
			files = (
			);
			runOnlyForDeploymentPostprocessing = 0;
		};
/* End PBXFrameworksBuildPhase section */

/* Begin PBXGroup section */
		64C37B582F78206E009C85F1 = {
			isa = PBXGroup;
			children = (
				64EE7F523026C67E00688077 /* Quizie.xctestplan */,
				64EE7F533026C67E00688078 /* Secrets.xcconfig */,
				64C37B632F78206E009C85F1 /* Quizie */,
				64C37B712F782070009C85F1 /* QuizieTests */,
				64C37B7B2F782070009C85F1 /* QuizieUITests */,
				64C37B622F78206E009C85F1 /* Products */,
			);
			sourceTree = "<group>";
		};
		64C37B622F78206E009C85F1 /* Products */ = {
			isa = PBXGroup;
			children = (
				64C37B612F78206E009C85F1 /* BritReady: Life in UK Test.app */,
				64C37B6E2F782070009C85F1 /* QuizieTests.xctest */,
				64C37B782F782070009C85F1 /* QuizieUITests.xctest */,
			);
			name = Products;
			sourceTree = "<group>";
		};
/* End PBXGroup section */

/* Begin PBXNativeTarget section */
		64C37B602F78206E009C85F1 /* Quizie */ = {
			isa = PBXNativeTarget;
			buildConfigurationList = 64C37B822F782070009C85F1 /* Build configuration list for PBXNativeTarget "Quizie" */;
			buildPhases = (
				64C37B5D2F78206E009C85F1 /* Sources */,
				64C37B5E2F78206E009C85F1 /* Frameworks */,
				64C37B5F2F78206E009C85F1 /* Resources */,
			);
			buildRules = (
			);
			dependencies = (
			);
			fileSystemSynchronizedGroups = (
				64C37B632F78206E009C85F1 /* Quizie */,
			);
			name = Quizie;
			packageProductDependencies = (
			);
			productName = HandbookReaderQuiz;
			productReference = 64C37B612F78206E009C85F1 /* BritReady: Life in UK Test.app */;
			productType = "com.apple.product-type.application";
		};
		64C37B6D2F782070009C85F1 /* QuizieTests */ = {
			isa = PBXNativeTarget;
			buildConfigurationList = 64C37B852F782070009C85F1 /* Build configuration list for PBXNativeTarget "QuizieTests" */;
			buildPhases = (
				64C37B6A2F782070009C85F1 /* Sources */,
				64C37B6B2F782070009C85F1 /* Frameworks */,
				64C37B6C2F782070009C85F1 /* Resources */,
			);
			buildRules = (
			);
			dependencies = (
				64C37B702F782070009C85F1 /* PBXTargetDependency */,
			);
			fileSystemSynchronizedGroups = (
				64C37B712F782070009C85F1 /* QuizieTests */,
			);
			name = QuizieTests;
			packageProductDependencies = (
			);
			productName = HandbookReaderQuizTests;
			productReference = 64C37B6E2F782070009C85F1 /* QuizieTests.xctest */;
			productType = "com.apple.product-type.bundle.unit-test";
		};
		64C37B772F782070009C85F1 /* QuizieUITests */ = {
			isa = PBXNativeTarget;
			buildConfigurationList = 64C37B882F782070009C85F1 /* Build configuration list for PBXNativeTarget "QuizieUITests" */;
			buildPhases = (
				64C37B742F782070009C85F1 /* Sources */,
				64C37B752F782070009C85F1 /* Frameworks */,
				64C37B762F782070009C85F1 /* Resources */,
			);
			buildRules = (
			);
			dependencies = (
				64C37B7A2F782070009C85F1 /* PBXTargetDependency */,
			);
			fileSystemSynchronizedGroups = (
				64C37B7B2F782070009C85F1 /* QuizieUITests */,
			);
			name = QuizieUITests;
			packageProductDependencies = (
			);
			productName = HandbookReaderQuizUITests;
			productReference = 64C37B782F782070009C85F1 /* QuizieUITests.xctest */;
			productType = "com.apple.product-type.bundle.ui-testing";
		};
/* End PBXNativeTarget section */

/* Begin PBXProject section */
		64C37B592F78206E009C85F1 /* Project object */ = {
			isa = PBXProject;
			attributes = {
				BuildIndependentTargetsInParallel = 1;
				LastSwiftUpdateCheck = 2630;
				LastUpgradeCheck = 2660;
				TargetAttributes = {
					64C37B602F78206E009C85F1 = {
						CreatedOnToolsVersion = 26.3;
					};
					64C37B6D2F782070009C85F1 = {
						CreatedOnToolsVersion = 26.3;
						TestTargetID = 64C37B602F78206E009C85F1;
					};
					64C37B772F782070009C85F1 = {
						CreatedOnToolsVersion = 26.3;
						TestTargetID = 64C37B602F78206E009C85F1;
					};
				};
			};
			buildConfigurationList = 64C37B5C2F78206E009C85F1 /* Build configuration list for PBXProject "Quizie" */;
			developmentRegion = en;
			hasScannedForEncodings = 0;
			knownRegions = (
				en,
				Base,
			);
			mainGroup = 64C37B582F78206E009C85F1;
			minimizedProjectReferenceProxies = 1;
			preferredProjectObjectVersion = 77;
			productRefGroup = 64C37B622F78206E009C85F1 /* Products */;
			projectDirPath = "";
			projectRoot = "";
			targets = (
				64C37B602F78206E009C85F1 /* Quizie */,
				64C37B6D2F782070009C85F1 /* QuizieTests */,
				64C37B772F782070009C85F1 /* QuizieUITests */,
			);
		};
/* End PBXProject section */

/* Begin PBXResourcesBuildPhase section */
		64C37B5F2F78206E009C85F1 /* Resources */ = {
			isa = PBXResourcesBuildPhase;
			buildActionMask = 2147483647;
			files = (
			);
			runOnlyForDeploymentPostprocessing = 0;
		};
		64C37B6C2F782070009C85F1 /* Resources */ = {
			isa = PBXResourcesBuildPhase;
			buildActionMask = 2147483647;
			files = (
			);
			runOnlyForDeploymentPostprocessing = 0;
		};
		64C37B762F782070009C85F1 /* Resources */ = {
			isa = PBXResourcesBuildPhase;
			buildActionMask = 2147483647;
			files = (
			);
			runOnlyForDeploymentPostprocessing = 0;
		};
/* End PBXResourcesBuildPhase section */

/* Begin PBXSourcesBuildPhase section */
		64C37B5D2F78206E009C85F1 /* Sources */ = {
			isa = PBXSourcesBuildPhase;
			buildActionMask = 2147483647;
			files = (
			);
			runOnlyForDeploymentPostprocessing = 0;
		};
		64C37B6A2F782070009C85F1 /* Sources */ = {
			isa = PBXSourcesBuildPhase;
			buildActionMask = 2147483647;
			files = (
			);
			runOnlyForDeploymentPostprocessing = 0;
		};
		64C37B742F782070009C85F1 /* Sources */ = {
			isa = PBXSourcesBuildPhase;
			buildActionMask = 2147483647;
			files = (
			);
			runOnlyForDeploymentPostprocessing = 0;
		};
/* End PBXSourcesBuildPhase section */

/* Begin PBXTargetDependency section */
		64C37B702F782070009C85F1 /* PBXTargetDependency */ = {
			isa = PBXTargetDependency;
			target = 64C37B602F78206E009C85F1 /* Quizie */;
			targetProxy = 64C37B6F2F782070009C85F1 /* PBXContainerItemProxy */;
		};
		64C37B7A2F782070009C85F1 /* PBXTargetDependency */ = {
			isa = PBXTargetDependency;
			target = 64C37B602F78206E009C85F1 /* Quizie */;
			targetProxy = 64C37B792F782070009C85F1 /* PBXContainerItemProxy */;
		};
/* End PBXTargetDependency section */

/* Begin XCBuildConfiguration section */
		64C37B802F782070009C85F1 /* Debug */ = {
			isa = XCBuildConfiguration;
			buildSettings = {
				ALWAYS_SEARCH_USER_PATHS = NO;
				ASSETCATALOG_COMPILER_GENERATE_SWIFT_ASSET_SYMBOL_EXTENSIONS = YES;
				CLANG_ANALYZER_NONNULL = YES;
				CLANG_ANALYZER_NUMBER_OBJECT_CONVERSION = YES_AGGRESSIVE;
				CLANG_CXX_LANGUAGE_STANDARD = "gnu++20";
				CLANG_ENABLE_MODULES = YES;
				CLANG_ENABLE_OBJC_ARC = YES;
				CLANG_ENABLE_OBJC_WEAK = YES;
				CLANG_WARN_BLOCK_CAPTURE_AUTORELEASING = YES;
				CLANG_WARN_BOOL_CONVERSION = YES;
				CLANG_WARN_COMMA = YES;
				CLANG_WARN_CONSTANT_CONVERSION = YES;
				CLANG_WARN_DEPRECATED_OBJC_IMPLEMENTATIONS = YES;
				CLANG_WARN_DIRECT_OBJC_ISA_USAGE = YES_ERROR;
				CLANG_WARN_DOCUMENTATION_COMMENTS = YES;
				CLANG_WARN_EMPTY_BODY = YES;
				CLANG_WARN_ENUM_CONVERSION = YES;
				CLANG_WARN_INFINITE_RECURSION = YES;
				CLANG_WARN_INT_CONVERSION = YES;
				CLANG_WARN_NON_LITERAL_NULL_CONVERSION = YES;
				CLANG_WARN_OBJC_IMPLICIT_RETAIN_SELF = YES;
				CLANG_WARN_OBJC_LITERAL_CONVERSION = YES;
				CLANG_WARN_OBJC_ROOT_CLASS = YES_ERROR;
				CLANG_WARN_QUOTED_INCLUDE_IN_FRAMEWORK_HEADER = YES;
				CLANG_WARN_RANGE_LOOP_ANALYSIS = YES;
				CLANG_WARN_STRICT_PROTOTYPES = YES;
				CLANG_WARN_SUSPICIOUS_MOVE = YES;
				CLANG_WARN_UNGUARDED_AVAILABILITY = YES_AGGRESSIVE;
				CLANG_WARN_UNREACHABLE_CODE = YES;
				CLANG_WARN__DUPLICATE_METHOD_MATCH = YES;
				COPY_PHASE_STRIP = NO;
				DEAD_CODE_STRIPPING = YES;
				DEBUG_INFORMATION_FORMAT = dwarf;
				DEVELOPMENT_TEAM = 33XQUS4CME;
				ENABLE_STRICT_OBJC_MSGSEND = YES;
				ENABLE_TESTABILITY = YES;
				ENABLE_USER_SCRIPT_SANDBOXING = YES;
				GCC_C_LANGUAGE_STANDARD = gnu17;
				GCC_DYNAMIC_NO_PIC = NO;
				GCC_NO_COMMON_BLOCKS = YES;
				GCC_OPTIMIZATION_LEVEL = 0;
				GCC_PREPROCESSOR_DEFINITIONS = (
					"DEBUG=1",
					"$(inherited)",
				);
				GCC_WARN_64_TO_32_BIT_CONVERSION = YES;
				GCC_WARN_ABOUT_RETURN_TYPE = YES_ERROR;
				GCC_WARN_UNDECLARED_SELECTOR = YES;
				GCC_WARN_UNINITIALIZED_AUTOS = YES_AGGRESSIVE;
				GCC_WARN_UNUSED_FUNCTION = YES;
				GCC_WARN_UNUSED_VARIABLE = YES;
				LOCALIZATION_PREFERS_STRING_CATALOGS = YES;
				MTL_ENABLE_DEBUG_INFO = INCLUDE_SOURCE;
				MTL_FAST_MATH = YES;
				ONLY_ACTIVE_ARCH = YES;
				STRING_CATALOG_GENERATE_SYMBOLS = YES;
				SWIFT_ACTIVE_COMPILATION_CONDITIONS = "DEBUG $(inherited)";
				SWIFT_OPTIMIZATION_LEVEL = "-Onone";
			};
			name = Debug;
		};
		64C37B812F782070009C85F1 /* Release */ = {
			isa = XCBuildConfiguration;
			buildSettings = {
				ALWAYS_SEARCH_USER_PATHS = NO;
				ASSETCATALOG_COMPILER_GENERATE_SWIFT_ASSET_SYMBOL_EXTENSIONS = YES;
				CLANG_ANALYZER_NONNULL = YES;
				CLANG_ANALYZER_NUMBER_OBJECT_CONVERSION = YES_AGGRESSIVE;
				CLANG_CXX_LANGUAGE_STANDARD = "gnu++20";
				CLANG_ENABLE_MODULES = YES;
				CLANG_ENABLE_OBJC_ARC = YES;
				CLANG_ENABLE_OBJC_WEAK = YES;
				CLANG_WARN_BLOCK_CAPTURE_AUTORELEASING = YES;
				CLANG_WARN_BOOL_CONVERSION = YES;
				CLANG_WARN_COMMA = YES;
				CLANG_WARN_CONSTANT_CONVERSION = YES;
				CLANG_WARN_DEPRECATED_OBJC_IMPLEMENTATIONS = YES;
				CLANG_WARN_DIRECT_OBJC_ISA_USAGE = YES_ERROR;
				CLANG_WARN_DOCUMENTATION_COMMENTS = YES;
				CLANG_WARN_EMPTY_BODY = YES;
				CLANG_WARN_ENUM_CONVERSION = YES;
				CLANG_WARN_INFINITE_RECURSION = YES;
				CLANG_WARN_INT_CONVERSION = YES;
				CLANG_WARN_NON_LITERAL_NULL_CONVERSION = YES;
				CLANG_WARN_OBJC_IMPLICIT_RETAIN_SELF = YES;
				CLANG_WARN_OBJC_LITERAL_CONVERSION = YES;
				CLANG_WARN_OBJC_ROOT_CLASS = YES_ERROR;
				CLANG_WARN_QUOTED_INCLUDE_IN_FRAMEWORK_HEADER = YES;
				CLANG_WARN_RANGE_LOOP_ANALYSIS = YES;
				CLANG_WARN_STRICT_PROTOTYPES = YES;
				CLANG_WARN_SUSPICIOUS_MOVE = YES;
				CLANG_WARN_UNGUARDED_AVAILABILITY = YES_AGGRESSIVE;
				CLANG_WARN_UNREACHABLE_CODE = YES;
				CLANG_WARN__DUPLICATE_METHOD_MATCH = YES;
				COPY_PHASE_STRIP = NO;
				DEAD_CODE_STRIPPING = YES;
				DEBUG_INFORMATION_FORMAT = "dwarf-with-dsym";
				DEVELOPMENT_TEAM = 33XQUS4CME;
				ENABLE_NS_ASSERTIONS = NO;
				ENABLE_STRICT_OBJC_MSGSEND = YES;
				ENABLE_USER_SCRIPT_SANDBOXING = YES;
				GCC_C_LANGUAGE_STANDARD = gnu17;
				GCC_NO_COMMON_BLOCKS = YES;
				GCC_WARN_64_TO_32_BIT_CONVERSION = YES;
				GCC_WARN_ABOUT_RETURN_TYPE = YES_ERROR;
				GCC_WARN_UNDECLARED_SELECTOR = YES;
				GCC_WARN_UNINITIALIZED_AUTOS = YES_AGGRESSIVE;
				GCC_WARN_UNUSED_FUNCTION = YES;
				GCC_WARN_UNUSED_VARIABLE = YES;
				LOCALIZATION_PREFERS_STRING_CATALOGS = YES;
				MTL_ENABLE_DEBUG_INFO = NO;
				MTL_FAST_MATH = YES;
				STRING_CATALOG_GENERATE_SYMBOLS = YES;
				SWIFT_COMPILATION_MODE = wholemodule;
			};
			name = Release;
		};
		64C37B832F782070009C85F1 /* Debug */ = {
			isa = XCBuildConfiguration;
			baseConfigurationReference = 64EE7F533026C67E00688078 /* Secrets.xcconfig */;
			buildSettings = {
				ASSETCATALOG_COMPILER_APPICON_NAME = AppIcon;
				ASSETCATALOG_COMPILER_GLOBAL_ACCENT_COLOR_NAME = AccentColor;
				CODE_SIGN_STYLE = Automatic;
				CURRENT_PROJECT_VERSION = 1;
				DEAD_CODE_STRIPPING = YES;
				DEVELOPMENT_TEAM = 33XQUS4CME;
				ENABLE_APP_SANDBOX = YES;
				ENABLE_HARDENED_RUNTIME = YES;
				ENABLE_PREVIEWS = YES;
				ENABLE_USER_SELECTED_FILES = readonly;
				FLASHCARD_API_BASE_URL = "https://quizie-flashcard.fancyapps.dev";
				GENERATE_INFOPLIST_FILE = YES;
				INFOPLIST_FILE = Quizie/Info.plist;
				INFOPLIST_KEY_ITSAppUsesNonExemptEncryption = NO;
				"INFOPLIST_KEY_UIApplicationSceneManifest_Generation[sdk=iphoneos*]" = YES;
				"INFOPLIST_KEY_UIApplicationSceneManifest_Generation[sdk=iphonesimulator*]" = YES;
				"INFOPLIST_KEY_UIApplicationSupportsIndirectInputEvents[sdk=iphoneos*]" = YES;
				"INFOPLIST_KEY_UIApplicationSupportsIndirectInputEvents[sdk=iphonesimulator*]" = YES;
				"INFOPLIST_KEY_UIStatusBarStyle[sdk=iphoneos*]" = UIStatusBarStyleDefault;
				"INFOPLIST_KEY_UIStatusBarStyle[sdk=iphonesimulator*]" = UIStatusBarStyleDefault;
				INFOPLIST_KEY_UISupportedInterfaceOrientations_iPad = "UIInterfaceOrientationPortrait UIInterfaceOrientationPortraitUpsideDown UIInterfaceOrientationLandscapeLeft UIInterfaceOrientationLandscapeRight";
				INFOPLIST_KEY_UISupportedInterfaceOrientations_iPhone = "UIInterfaceOrientationPortrait UIInterfaceOrientationLandscapeLeft UIInterfaceOrientationLandscapeRight";
				IPHONEOS_DEPLOYMENT_TARGET = 26.2;
				LD_RUNPATH_SEARCH_PATHS = "@executable_path/Frameworks";
				"LD_RUNPATH_SEARCH_PATHS[sdk=macosx*]" = "@executable_path/../Frameworks";
				MACOSX_DEPLOYMENT_TARGET = 15.7;
				MARKETING_VERSION = 1.0;
				PRODUCT_BUNDLE_IDENTIFIER = uk.co.edwinb.Quizie;
				PRODUCT_NAME = "BritReady: Life in UK Test";
				REGISTER_APP_GROUPS = YES;
				SDKROOT = auto;
				STRING_CATALOG_GENERATE_SYMBOLS = YES;
				SUPPORTED_PLATFORMS = "iphoneos iphonesimulator macosx xros xrsimulator";
				SWIFT_APPROACHABLE_CONCURRENCY = YES;
				SWIFT_DEFAULT_ACTOR_ISOLATION = MainActor;
				SWIFT_EMIT_LOC_STRINGS = YES;
				SWIFT_UPCOMING_FEATURE_MEMBER_IMPORT_VISIBILITY = YES;
				SWIFT_VERSION = 5.0;
				TARGETED_DEVICE_FAMILY = "1,2,7";
				XROS_DEPLOYMENT_TARGET = 26.2;
			};
			name = Debug;
		};
		64C37B842F782070009C85F1 /* Release */ = {
			isa = XCBuildConfiguration;
			baseConfigurationReference = 64EE7F533026C67E00688078 /* Secrets.xcconfig */;
			buildSettings = {
				ASSETCATALOG_COMPILER_APPICON_NAME = AppIcon;
				ASSETCATALOG_COMPILER_GLOBAL_ACCENT_COLOR_NAME = AccentColor;
				CODE_SIGN_STYLE = Automatic;
				CURRENT_PROJECT_VERSION = 1;
				DEAD_CODE_STRIPPING = YES;
				DEVELOPMENT_TEAM = 33XQUS4CME;
				ENABLE_APP_SANDBOX = YES;
				ENABLE_HARDENED_RUNTIME = YES;
				ENABLE_PREVIEWS = YES;
				ENABLE_USER_SELECTED_FILES = readonly;
				FLASHCARD_API_BASE_URL = "https://quizie-flashcard.fancyapps.dev";
				GENERATE_INFOPLIST_FILE = YES;
				INFOPLIST_FILE = Quizie/Info.plist;
				INFOPLIST_KEY_ITSAppUsesNonExemptEncryption = NO;
				"INFOPLIST_KEY_UIApplicationSceneManifest_Generation[sdk=iphoneos*]" = YES;
				"INFOPLIST_KEY_UIApplicationSceneManifest_Generation[sdk=iphonesimulator*]" = YES;
				"INFOPLIST_KEY_UIApplicationSupportsIndirectInputEvents[sdk=iphoneos*]" = YES;
				"INFOPLIST_KEY_UIApplicationSupportsIndirectInputEvents[sdk=iphonesimulator*]" = YES;
				"INFOPLIST_KEY_UIStatusBarStyle[sdk=iphoneos*]" = UIStatusBarStyleDefault;
				"INFOPLIST_KEY_UIStatusBarStyle[sdk=iphonesimulator*]" = UIStatusBarStyleDefault;
				INFOPLIST_KEY_UISupportedInterfaceOrientations_iPad = "UIInterfaceOrientationPortrait UIInterfaceOrientationPortraitUpsideDown UIInterfaceOrientationLandscapeLeft UIInterfaceOrientationLandscapeRight";
				INFOPLIST_KEY_UISupportedInterfaceOrientations_iPhone = "UIInterfaceOrientationPortrait UIInterfaceOrientationLandscapeLeft UIInterfaceOrientationLandscapeRight";
				IPHONEOS_DEPLOYMENT_TARGET = 26.2;
				LD_RUNPATH_SEARCH_PATHS = "@executable_path/Frameworks";
				"LD_RUNPATH_SEARCH_PATHS[sdk=macosx*]" = "@executable_path/../Frameworks";
				MACOSX_DEPLOYMENT_TARGET = 15.7;
				MARKETING_VERSION = 1.0;
				PRODUCT_BUNDLE_IDENTIFIER = "uk.co.edwinb.QuizUp-Mock";
				PRODUCT_NAME = "BritReady: Life in UK Test";
				REGISTER_APP_GROUPS = YES;
				SDKROOT = auto;
				STRING_CATALOG_GENERATE_SYMBOLS = YES;
				SUPPORTED_PLATFORMS = "iphoneos iphonesimulator macosx xros xrsimulator";
				SWIFT_APPROACHABLE_CONCURRENCY = YES;
				SWIFT_DEFAULT_ACTOR_ISOLATION = MainActor;
				SWIFT_EMIT_LOC_STRINGS = YES;
				SWIFT_UPCOMING_FEATURE_MEMBER_IMPORT_VISIBILITY = YES;
				SWIFT_VERSION = 5.0;
				TARGETED_DEVICE_FAMILY = "1,2,7";
				XROS_DEPLOYMENT_TARGET = 26.2;
			};
			name = Release;
		};
		64C37B862F782070009C85F1 /* Debug */ = {
			isa = XCBuildConfiguration;
			buildSettings = {
				BUNDLE_LOADER = "$(TEST_HOST)";
				CODE_SIGN_STYLE = Automatic;
				CURRENT_PROJECT_VERSION = 1;
				DEAD_CODE_STRIPPING = YES;
				DEVELOPMENT_TEAM = 33XQUS4CME;
				GENERATE_INFOPLIST_FILE = YES;
				INFOPLIST_FILE = QuizieTests/Info.plist;
				IPHONEOS_DEPLOYMENT_TARGET = 26.2;
				MACOSX_DEPLOYMENT_TARGET = 15.7;
				MARKETING_VERSION = 1.0;
				PRODUCT_BUNDLE_IDENTIFIER = uk.co.edwin.neurofocus.HandbookReaderQuizTests;
				PRODUCT_NAME = "$(TARGET_NAME)";
				SDKROOT = auto;
				STRING_CATALOG_GENERATE_SYMBOLS = NO;
				SUPPORTED_PLATFORMS = "iphoneos iphonesimulator macosx xros xrsimulator";
				SWIFT_APPROACHABLE_CONCURRENCY = YES;
				SWIFT_EMIT_LOC_STRINGS = NO;
				SWIFT_UPCOMING_FEATURE_MEMBER_IMPORT_VISIBILITY = YES;
				SWIFT_VERSION = 5.0;
				TARGETED_DEVICE_FAMILY = "1,2,7";
				TEST_HOST = "$(BUILT_PRODUCTS_DIR)/BritReady: Life in UK Test.app/$(BUNDLE_EXECUTABLE_FOLDER_PATH)/BritReady: Life in UK Test";
				XROS_DEPLOYMENT_TARGET = 26.2;
			};
			name = Debug;
		};
		64C37B872F782070009C85F1 /* Release */ = {
			isa = XCBuildConfiguration;
			buildSettings = {
				BUNDLE_LOADER = "$(TEST_HOST)";
				CODE_SIGN_STYLE = Automatic;
				CURRENT_PROJECT_VERSION = 1;
				DEAD_CODE_STRIPPING = YES;
				DEVELOPMENT_TEAM = 33XQUS4CME;
				GENERATE_INFOPLIST_FILE = YES;
				INFOPLIST_FILE = QuizieTests/Info.plist;
				IPHONEOS_DEPLOYMENT_TARGET = 26.2;
				MACOSX_DEPLOYMENT_TARGET = 15.7;
				MARKETING_VERSION = 1.0;
				PRODUCT_BUNDLE_IDENTIFIER = uk.co.edwin.neurofocus.HandbookReaderQuizTests;
				PRODUCT_NAME = "$(TARGET_NAME)";
				SDKROOT = auto;
				STRING_CATALOG_GENERATE_SYMBOLS = NO;
				SUPPORTED_PLATFORMS = "iphoneos iphonesimulator macosx xros xrsimulator";
				SWIFT_APPROACHABLE_CONCURRENCY = YES;
				SWIFT_EMIT_LOC_STRINGS = NO;
				SWIFT_UPCOMING_FEATURE_MEMBER_IMPORT_VISIBILITY = YES;
				SWIFT_VERSION = 5.0;
				TARGETED_DEVICE_FAMILY = "1,2,7";
				TEST_HOST = "$(BUILT_PRODUCTS_DIR)/BritReady: Life in UK Test.app/$(BUNDLE_EXECUTABLE_FOLDER_PATH)/BritReady: Life in UK Test";
				XROS_DEPLOYMENT_TARGET = 26.2;
			};
			name = Release;
		};
		64C37B892F782070009C85F1 /* Debug */ = {
			isa = XCBuildConfiguration;
			buildSettings = {
				CODE_SIGN_STYLE = Automatic;
				CURRENT_PROJECT_VERSION = 1;
				DEAD_CODE_STRIPPING = YES;
				DEVELOPMENT_TEAM = 33XQUS4CME;
				GENERATE_INFOPLIST_FILE = YES;
				IPHONEOS_DEPLOYMENT_TARGET = 26.2;
				MACOSX_DEPLOYMENT_TARGET = 15.7;
				MARKETING_VERSION = 1.0;
				PRODUCT_BUNDLE_IDENTIFIER = uk.co.edwin.neurofocus.HandbookReaderQuizUITests;
				PRODUCT_NAME = "$(TARGET_NAME)";
				SDKROOT = auto;
				STRING_CATALOG_GENERATE_SYMBOLS = NO;
				SUPPORTED_PLATFORMS = "iphoneos iphonesimulator macosx xros xrsimulator";
				SWIFT_APPROACHABLE_CONCURRENCY = YES;
				SWIFT_EMIT_LOC_STRINGS = NO;
				SWIFT_UPCOMING_FEATURE_MEMBER_IMPORT_VISIBILITY = YES;
				SWIFT_VERSION = 5.0;
				TARGETED_DEVICE_FAMILY = "1,2,7";
				TEST_TARGET_NAME = Quizie;
				XROS_DEPLOYMENT_TARGET = 26.2;
			};
			name = Debug;
		};
		64C37B8A2F782070009C85F1 /* Release */ = {
			isa = XCBuildConfiguration;
			buildSettings = {
				CODE_SIGN_STYLE = Automatic;
				CURRENT_PROJECT_VERSION = 1;
				DEAD_CODE_STRIPPING = YES;
				DEVELOPMENT_TEAM = 33XQUS4CME;
				GENERATE_INFOPLIST_FILE = YES;
				IPHONEOS_DEPLOYMENT_TARGET = 26.2;
				MACOSX_DEPLOYMENT_TARGET = 15.7;
				MARKETING_VERSION = 1.0;
				PRODUCT_BUNDLE_IDENTIFIER = uk.co.edwin.neurofocus.HandbookReaderQuizUITests;
				PRODUCT_NAME = "$(TARGET_NAME)";
				SDKROOT = auto;
				STRING_CATALOG_GENERATE_SYMBOLS = NO;
				SUPPORTED_PLATFORMS = "iphoneos iphonesimulator macosx xros xrsimulator";
				SWIFT_APPROACHABLE_CONCURRENCY = YES;
				SWIFT_EMIT_LOC_STRINGS = NO;
				SWIFT_UPCOMING_FEATURE_MEMBER_IMPORT_VISIBILITY = YES;
				SWIFT_VERSION = 5.0;
				TARGETED_DEVICE_FAMILY = "1,2,7";
				TEST_TARGET_NAME = Quizie;
				XROS_DEPLOYMENT_TARGET = 26.2;
			};
			name = Release;
		};
/* End XCBuildConfiguration section */

/* Begin XCConfigurationList section */
		64C37B5C2F78206E009C85F1 /* Build configuration list for PBXProject "Quizie" */ = {
			isa = XCConfigurationList;
			buildConfigurations = (
				64C37B802F782070009C85F1 /* Debug */,
				64C37B812F782070009C85F1 /* Release */,
			);
			defaultConfigurationIsVisible = 0;
			defaultConfigurationName = Release;
		};
		64C37B822F782070009C85F1 /* Build configuration list for PBXNativeTarget "Quizie" */ = {
			isa = XCConfigurationList;
			buildConfigurations = (
				64C37B832F782070009C85F1 /* Debug */,
				64C37B842F782070009C85F1 /* Release */,
			);
			defaultConfigurationIsVisible = 0;
			defaultConfigurationName = Release;
		};
		64C37B852F782070009C85F1 /* Build configuration list for PBXNativeTarget "QuizieTests" */ = {
			isa = XCConfigurationList;
			buildConfigurations = (
				64C37B862F782070009C85F1 /* Debug */,
				64C37B872F782070009C85F1 /* Release */,
			);
			defaultConfigurationIsVisible = 0;
			defaultConfigurationName = Release;
		};
		64C37B882F782070009C85F1 /* Build configuration list for PBXNativeTarget "QuizieUITests" */ = {
			isa = XCConfigurationList;
			buildConfigurations = (
				64C37B892F782070009C85F1 /* Debug */,
				64C37B8A2F782070009C85F1 /* Release */,
			);
			defaultConfigurationIsVisible = 0;
			defaultConfigurationName = Release;
		};
/* End XCConfigurationList section */
	};
	rootObject = 64C37B592F78206E009C85F1 /* Project object */;
}
